
Microsoft Visual Studio Solution File, Format Version 12.00
# Visual Studio 15
VisualStudioVersion = 15.0.28307.779
MinimumVisualStudioVersion = 10.0.40219.1
Project("{FAE04EC0-301F-11D3-BF4B-00C04F79EFBC}") = "fromstretching", "fromstretching\fromstretching.csproj", "{A1CFDD88-8BBA-46CE-A6C2-007AD5B1633B}"
EndProject
Global
	GlobalSection(SolutionConfigurationPlatforms) = preSolution
		Debug|Any CPU = Debug|Any CPU
		Release|Any CPU = Release|Any CPU
	EndGlobalSection
	GlobalSection(ProjectConfigurationPlatforms) = postSolution
		{A1CFDD88-8BBA-46CE-A6C2-007AD5B1633B}.Debug|Any CPU.ActiveCfg = Debug|Any CPU
		{A1CFDD88-8BBA-46CE-A6C2-007AD5B1633B}.Debug|Any CPU.Build.0 = Debug|Any CPU
		{A1CFDD88-8BBA-46CE-A6C2-007AD5B1633B}.Release|Any CPU.ActiveCfg = Release|Any CPU
		{A1CFDD88-8BBA-46CE-A6C2-007AD5B1633B}.Release|Any CPU.Build.0 = Release|Any CPU
	EndGlobalSection
	GlobalSection(SolutionProperties) = preSolution
		HideSolutionNode = FALSE
	EndGlobalSection
	GlobalSection(ExtensibilityGlobals) = postSolution
		SolutionGuid = {1062778B-F8B1-4024-BE23-AC87013DB4B7}
	EndGlobalSection
EndGlobal
